
Microsoft Visual Studio Solution File, Format Version 12.00
# Visual Studio Version 16
VisualStudioVersion = 16.0.29123.88
MinimumVisualStudioVersion = 10.0.40219.1
Project("{FAE04EC0-301F-11D3-BF4B-00C04F79EFBC}") = "AHBC_MIDTERM_2019_JULY_TEAMROCKET", "AHBC_MIDTERM_2019_JULY_TEAMROCKET.csproj", "{3CF38824-7A44-4043-A15A-292CBE6A27AB}"
EndProject
Global
	GlobalSection(SolutionConfigurationPlatforms) = preSolution
		Debug|Any CPU = Debug|Any CPU
		Release|Any CPU = Release|Any CPU
	EndGlobalSection
	GlobalSection(ProjectConfigurationPlatforms) = postSolution
		{3CF38824-7A44-4043-A15A-292CBE6A27AB}.Debug|Any CPU.ActiveCfg = Debug|Any CPU
		{3CF38824-7A44-4043-A15A-292CBE6A27AB}.Debug|Any CPU.Build.0 = Debug|Any CPU
		{3CF38824-7A44-4043-A15A-292CBE6A27AB}.Release|Any CPU.ActiveCfg = Release|Any CPU
		{3CF38824-7A44-4043-A15A-292CBE6A27AB}.Release|Any CPU.Build.0 = Release|Any CPU
	EndGlobalSection
	GlobalSection(SolutionProperties) = preSolution
		HideSolutionNode = FALSE
	EndGlobalSection
	GlobalSection(ExtensibilityGlobals) = postSolution
		SolutionGuid = {6A9159F5-2B23-4D71-87BA-17E5CBC5ABD3}
	EndGlobalSection
EndGlobal
